
Microsoft Visual Studio Solution File, Format Version 12.00
# Visual Studio Version 16
VisualStudioVersion = 16.0.31911.196
MinimumVisualStudioVersion = 10.0.40219.1
Project("{FAE04EC0-301F-11D3-BF4B-00C04F79EFBC}") = "RestExercise1", "RestExercise1\RestExercise1.csproj", "{4F5BB889-8445-43E6-A06F-BFD53FD8E95A}"
EndProject
Global
	GlobalSection(SolutionConfigurationPlatforms) = preSolution
		Debug|Any CPU = Debug|Any CPU
		Release|Any CPU = Release|Any CPU
	EndGlobalSection
	GlobalSection(ProjectConfigurationPlatforms) = postSolution
		{4F5BB889-8445-43E6-A06F-BFD53FD8E95A}.Debug|Any CPU.ActiveCfg = Debug|Any CPU
		{4F5BB889-8445-43E6-A06F-BFD53FD8E95A}.Debug|Any CPU.Build.0 = Debug|Any CPU
		{4F5BB889-8445-43E6-A06F-BFD53FD8E95A}.Release|Any CPU.ActiveCfg = Release|Any CPU
		{4F5BB889-8445-43E6-A06F-BFD53FD8E95A}.Release|Any CPU.Build.0 = Release|Any CPU
	EndGlobalSection
	GlobalSection(SolutionProperties) = preSolution
		HideSolutionNode = FALSE
	EndGlobalSection
	GlobalSection(ExtensibilityGlobals) = postSolution
		SolutionGuid = {15F777F0-61D0-4F30-9427-D908000FCE43}
	EndGlobalSection
EndGlobal
